
Microsoft Visual Studio Solution File, Format Version 12.00
# Visual Studio Version 17
VisualStudioVersion = 17.8.34330.188
MinimumVisualStudioVersion = 10.0.40219.1
Project("{FAE04EC0-301F-11D3-BF4B-00C04F79EFBC}") = "WpfAdminPanel", "WpfAdminPanel.csproj", "{91A07C9B-F2F9-411A-B079-25FC5C586E62}"
EndProject
Global
	GlobalSection(SolutionConfigurationPlatforms) = preSolution
		Debug|Any CPU = Debug|Any CPU
		Release|Any CPU = Release|Any CPU
	EndGlobalSection
	GlobalSection(ProjectConfigurationPlatforms) = postSolution
		{91A07C9B-F2F9-411A-B079-25FC5C586E62}.Debug|Any CPU.ActiveCfg = Debug|Any CPU
		{91A07C9B-F2F9-411A-B079-25FC5C586E62}.Debug|Any CPU.Build.0 = Debug|Any CPU
		{91A07C9B-F2F9-411A-B079-25FC5C586E62}.Release|Any CPU.ActiveCfg = Release|Any CPU
		{91A07C9B-F2F9-411A-B079-25FC5C586E62}.Release|Any CPU.Build.0 = Release|Any CPU
	EndGlobalSection
	GlobalSection(SolutionProperties) = preSolution
		HideSolutionNode = FALSE
	EndGlobalSection
	GlobalSection(ExtensibilityGlobals) = postSolution
		SolutionGuid = {F18FC146-7D98-425E-947A-E230BB59D3F4}
	EndGlobalSection
EndGlobal
